
Microsoft Visual Studio Solution File, Format Version 12.00
# Visual Studio 2012
Project("{FAE04EC0-301F-11D3-BF4B-00C04F79EFBC}") = "IntTrader.Web", "IntTrader.Web\IntTrader.Web.csproj", "{68F5F5F3-B8BB-4911-875F-6F00AAE04EA6}"
EndProject
Project("{FAE04EC0-301F-11D3-BF4B-00C04F79EFBC}") = "Nancy", "..\Nancy-master\src\Nancy\Nancy.csproj", "{34576216-0DCA-4B0F-A0DC-9075E75A676F}"
EndProject
Project("{FAE04EC0-301F-11D3-BF4B-00C04F79EFBC}") = "Nancy.ViewEngines.Razor", "..\Nancy-master\src\Nancy.ViewEngines.Razor\Nancy.ViewEngines.Razor.csproj", "{2C6F51DF-015C-4DB6-B44C-0E5E4F25E2A9}"
EndProject
Project("{FAE04EC0-301F-11D3-BF4B-00C04F79EFBC}") = "Nancy.Hosting.Self", "..\Nancy-master\src\Nancy.Hosting.Self\Nancy.Hosting.Self.csproj", "{AA7F66EB-EC2C-47DE-855F-30B3E6EF2134}"
EndProject
Global
	GlobalSection(SolutionConfigurationPlatforms) = preSolution
		Debug|Any CPU = Debug|Any CPU
		Debug|Mixed Platforms = Debug|Mixed Platforms
		Debug|x86 = Debug|x86
		MonoDebug|Any CPU = MonoDebug|Any CPU
		MonoDebug|Mixed Platforms = MonoDebug|Mixed Platforms
		MonoDebug|x86 = MonoDebug|x86
		MonoRelease|Any CPU = MonoRelease|Any CPU
		MonoRelease|Mixed Platforms = MonoRelease|Mixed Platforms
		MonoRelease|x86 = MonoRelease|x86
		Release|Any CPU = Release|Any CPU
		Release|Mixed Platforms = Release|Mixed Platforms
		Release|x86 = Release|x86
	EndGlobalSection
	GlobalSection(ProjectConfigurationPlatforms) = postSolution
		{68F5F5F3-B8BB-4911-875F-6F00AAE04EA6}.Debug|Any CPU.ActiveCfg = Debug|Any CPU
		{68F5F5F3-B8BB-4911-875F-6F00AAE04EA6}.Debug|Any CPU.Build.0 = Debug|Any CPU
		{68F5F5F3-B8BB-4911-875F-6F00AAE04EA6}.Debug|Mixed Platforms.ActiveCfg = Debug|Any CPU
		{68F5F5F3-B8BB-4911-875F-6F00AAE04EA6}.Debug|Mixed Platforms.Build.0 = Debug|Any CPU
		{68F5F5F3-B8BB-4911-875F-6F00AAE04EA6}.Debug|x86.ActiveCfg = Debug|Any CPU
		{68F5F5F3-B8BB-4911-875F-6F00AAE04EA6}.MonoDebug|Any CPU.ActiveCfg = Debug|Any CPU
		{68F5F5F3-B8BB-4911-875F-6F00AAE04EA6}.MonoDebug|Any CPU.Build.0 = Debug|Any CPU
		{68F5F5F3-B8BB-4911-875F-6F00AAE04EA6}.MonoDebug|Mixed Platforms.ActiveCfg = Debug|Any CPU
		{68F5F5F3-B8BB-4911-875F-6F00AAE04EA6}.MonoDebug|Mixed Platforms.Build.0 = Debug|Any CPU
		{68F5F5F3-B8BB-4911-875F-6F00AAE04EA6}.MonoDebug|x86.ActiveCfg = Debug|Any CPU
		{68F5F5F3-B8BB-4911-875F-6F00AAE04EA6}.MonoRelease|Any CPU.ActiveCfg = Release|Any CPU
		{68F5F5F3-B8BB-4911-875F-6F00AAE04EA6}.MonoRelease|Any CPU.Build.0 = Release|Any CPU
		{68F5F5F3-B8BB-4911-875F-6F00AAE04EA6}.MonoRelease|Mixed Platforms.ActiveCfg = Release|Any CPU
		{68F5F5F3-B8BB-4911-875F-6F00AAE04EA6}.MonoRelease|Mixed Platforms.Build.0 = Release|Any CPU
		{68F5F5F3-B8BB-4911-875F-6F00AAE04EA6}.MonoRelease|x86.ActiveCfg = Release|Any CPU
		{68F5F5F3-B8BB-4911-875F-6F00AAE04EA6}.Release|Any CPU.ActiveCfg = Release|Any CPU
		{68F5F5F3-B8BB-4911-875F-6F00AAE04EA6}.Release|Any CPU.Build.0 = Release|Any CPU
		{68F5F5F3-B8BB-4911-875F-6F00AAE04EA6}.Release|Mixed Platforms.ActiveCfg = Release|Any CPU
		{68F5F5F3-B8BB-4911-875F-6F00AAE04EA6}.Release|Mixed Platforms.Build.0 = Release|Any CPU
		{68F5F5F3-B8BB-4911-875F-6F00AAE04EA6}.Release|x86.ActiveCfg = Release|Any CPU
		{34576216-0DCA-4B0F-A0DC-9075E75A676F}.Debug|Any CPU.ActiveCfg = Debug|Any CPU
		{34576216-0DCA-4B0F-A0DC-9075E75A676F}.Debug|Any CPU.Build.0 = Debug|Any CPU
		{34576216-0DCA-4B0F-A0DC-9075E75A676F}.Debug|Mixed Platforms.ActiveCfg = Debug|Any CPU
		{34576216-0DCA-4B0F-A0DC-9075E75A676F}.Debug|Mixed Platforms.Build.0 = Debug|Any CPU
		{34576216-0DCA-4B0F-A0DC-9075E75A676F}.Debug|x86.ActiveCfg = Debug|Any CPU
		{34576216-0DCA-4B0F-A0DC-9075E75A676F}.MonoDebug|Any CPU.ActiveCfg = MonoDebug|Any CPU
		{34576216-0DCA-4B0F-A0DC-9075E75A676F}.MonoDebug|Any CPU.Build.0 = MonoDebug|Any CPU
		{34576216-0DCA-4B0F-A0DC-9075E75A676F}.MonoDebug|Mixed Platforms.ActiveCfg = MonoDebug|Any CPU
		{34576216-0DCA-4B0F-A0DC-9075E75A676F}.MonoDebug|Mixed Platforms.Build.0 = MonoDebug|Any CPU
		{34576216-0DCA-4B0F-A0DC-9075E75A676F}.MonoDebug|x86.ActiveCfg = MonoDebug|Any CPU
		{34576216-0DCA-4B0F-A0DC-9075E75A676F}.MonoRelease|Any CPU.ActiveCfg = MonoRelease|Any CPU
		{34576216-0DCA-4B0F-A0DC-9075E75A676F}.MonoRelease|Any CPU.Build.0 = MonoRelease|Any CPU
		{34576216-0DCA-4B0F-A0DC-9075E75A676F}.MonoRelease|Mixed Platforms.ActiveCfg = MonoRelease|Any CPU
		{34576216-0DCA-4B0F-A0DC-9075E75A676F}.MonoRelease|Mixed Platforms.Build.0 = MonoRelease|Any CPU
		{34576216-0DCA-4B0F-A0DC-9075E75A676F}.MonoRelease|x86.ActiveCfg = MonoRelease|Any CPU
		{34576216-0DCA-4B0F-A0DC-9075E75A676F}.Release|Any CPU.ActiveCfg = Release|Any CPU
		{34576216-0DCA-4B0F-A0DC-9075E75A676F}.Release|Any CPU.Build.0 = Release|Any CPU
		{34576216-0DCA-4B0F-A0DC-9075E75A676F}.Release|Mixed Platforms.ActiveCfg = Release|Any CPU
		{34576216-0DCA-4B0F-A0DC-9075E75A676F}.Release|Mixed Platforms.Build.0 = Release|Any CPU
		{34576216-0DCA-4B0F-A0DC-9075E75A676F}.Release|x86.ActiveCfg = Release|Any CPU
		{2C6F51DF-015C-4DB6-B44C-0E5E4F25E2A9}.Debug|Any CPU.ActiveCfg = Debug|Any CPU
		{2C6F51DF-015C-4DB6-B44C-0E5E4F25E2A9}.Debug|Any CPU.Build.0 = Debug|Any CPU
		{2C6F51DF-015C-4DB6-B44C-0E5E4F25E2A9}.Debug|Mixed Platforms.ActiveCfg = Debug|Any CPU
		{2C6F51DF-015C-4DB6-B44C-0E5E4F25E2A9}.Debug|Mixed Platforms.Build.0 = Debug|Any CPU
		{2C6F51DF-015C-4DB6-B44C-0E5E4F25E2A9}.Debug|x86.ActiveCfg = Debug|Any CPU
		{2C6F51DF-015C-4DB6-B44C-0E5E4F25E2A9}.MonoDebug|Any CPU.ActiveCfg = MonoDebug|Any CPU
		{2C6F51DF-015C-4DB6-B44C-0E5E4F25E2A9}.MonoDebug|Any CPU.Build.0 = MonoDebug|Any CPU
		{2C6F51DF-015C-4DB6-B44C-0E5E4F25E2A9}.MonoDebug|Mixed Platforms.ActiveCfg = MonoDebug|Any CPU
		{2C6F51DF-015C-4DB6-B44C-0E5E4F25E2A9}.MonoDebug|Mixed Platforms.Build.0 = MonoDebug|Any CPU
		{2C6F51DF-015C-4DB6-B44C-0E5E4F25E2A9}.MonoDebug|x86.ActiveCfg = MonoDebug|Any CPU
		{2C6F51DF-015C-4DB6-B44C-0E5E4F25E2A9}.MonoRelease|Any CPU.ActiveCfg = MonoRelease|Any CPU
		{2C6F51DF-015C-4DB6-B44C-0E5E4F25E2A9}.MonoRelease|Any CPU.Build.0 = MonoRelease|Any CPU
		{2C6F51DF-015C-4DB6-B44C-0E5E4F25E2A9}.MonoRelease|Mixed Platforms.ActiveCfg = MonoRelease|Any CPU
		{2C6F51DF-015C-4DB6-B44C-0E5E4F25E2A9}.MonoRelease|Mixed Platforms.Build.0 = MonoRelease|Any CPU
		{2C6F51DF-015C-4DB6-B44C-0E5E4F25E2A9}.MonoRelease|x86.ActiveCfg = MonoRelease|Any CPU
		{2C6F51DF-015C-4DB6-B44C-0E5E4F25E2A9}.Release|Any CPU.ActiveCfg = Release|Any CPU
		{2C6F51DF-015C-4DB6-B44C-0E5E4F25E2A9}.Release|Any CPU.Build.0 = Release|Any CPU
		{2C6F51DF-015C-4DB6-B44C-0E5E4F25E2A9}.Release|Mixed Platforms.ActiveCfg = Release|Any CPU
		{2C6F51DF-015C-4DB6-B44C-0E5E4F25E2A9}.Release|Mixed Platforms.Build.0 = Release|Any CPU
		{2C6F51DF-015C-4DB6-B44C-0E5E4F25E2A9}.Release|x86.ActiveCfg = Release|Any CPU
		{AA7F66EB-EC2C-47DE-855F-30B3E6EF2134}.Debug|Any CPU.ActiveCfg = Debug|Any CPU
		{AA7F66EB-EC2C-47DE-855F-30B3E6EF2134}.Debug|Any CPU.Build.0 = Debug|Any CPU
		{AA7F66EB-EC2C-47DE-855F-30B3E6EF2134}.Debug|Mixed Platforms.ActiveCfg = Debug|Any CPU
		{AA7F66EB-EC2C-47DE-855F-30B3E6EF2134}.Debug|Mixed Platforms.Build.0 = Debug|Any CPU
		{AA7F66EB-EC2C-47DE-855F-30B3E6EF2134}.Debug|x86.ActiveCfg = Debug|Any CPU
		{AA7F66EB-EC2C-47DE-855F-30B3E6EF2134}.MonoDebug|Any CPU.ActiveCfg = MonoDebug|Any CPU
		{AA7F66EB-EC2C-47DE-855F-30B3E6EF2134}.MonoDebug|Any CPU.Build.0 = MonoDebug|Any CPU
		{AA7F66EB-EC2C-47DE-855F-30B3E6EF2134}.MonoDebug|Mixed Platforms.ActiveCfg = MonoDebug|Any CPU
		{AA7F66EB-EC2C-47DE-855F-30B3E6EF2134}.MonoDebug|Mixed Platforms.Build.0 = MonoDebug|Any CPU
		{AA7F66EB-EC2C-47DE-855F-30B3E6EF2134}.MonoDebug|x86.ActiveCfg = MonoDebug|Any CPU
		{AA7F66EB-EC2C-47DE-855F-30B3E6EF2134}.MonoRelease|Any CPU.ActiveCfg = MonoRelease|Any CPU
		{AA7F66EB-EC2C-47DE-855F-30B3E6EF2134}.MonoRelease|Any CPU.Build.0 = MonoRelease|Any CPU
		{AA7F66EB-EC2C-47DE-855F-30B3E6EF2134}.MonoRelease|Mixed Platforms.ActiveCfg = MonoRelease|Any CPU
		{AA7F66EB-EC2C-47DE-855F-30B3E6EF2134}.MonoRelease|Mixed Platforms.Build.0 = MonoRelease|Any CPU
		{AA7F66EB-EC2C-47DE-855F-30B3E6EF2134}.MonoRelease|x86.ActiveCfg = MonoRelease|Any CPU
		{AA7F66EB-EC2C-47DE-855F-30B3E6EF2134}.Release|Any CPU.ActiveCfg = Release|Any CPU
		{AA7F66EB-EC2C-47DE-855F-30B3E6EF2134}.Release|Any CPU.Build.0 = Release|Any CPU
		{AA7F66EB-EC2C-47DE-855F-30B3E6EF2134}.Release|Mixed Platforms.ActiveCfg = Release|Any CPU
		{AA7F66EB-EC2C-47DE-855F-30B3E6EF2134}.Release|Mixed Platforms.Build.0 = Release|Any CPU
		{AA7F66EB-EC2C-47DE-855F-30B3E6EF2134}.Release|x86.ActiveCfg = Release|Any CPU
	EndGlobalSection
	GlobalSection(SolutionProperties) = preSolution
		HideSolutionNode = FALSE
	EndGlobalSection
EndGlobal
